
Microsoft Visual Studio Solution File, Format Version 12.00
# Visual Studio Version 17
VisualStudioVersion = 17.12.35527.113 d17.12
MinimumVisualStudioVersion = 10.0.40219.1
Project("{FAE04EC0-301F-11D3-BF4B-00C04F79EFBC}") = "BlazorApp1", "BlazorApp1\BlazorApp1.csproj", "{6AFC68EA-B516-4402-A2C4-56BCC2B32C6B}"
EndProject
Global
	GlobalSection(SolutionConfigurationPlatforms) = preSolution
		Debug|Any CPU = Debug|Any CPU
		Release|Any CPU = Release|Any CPU
	EndGlobalSection
	GlobalSection(ProjectConfigurationPlatforms) = postSolution
		{6AFC68EA-B516-4402-A2C4-56BCC2B32C6B}.Debug|Any CPU.ActiveCfg = Debug|Any CPU
		{6AFC68EA-B516-4402-A2C4-56BCC2B32C6B}.Debug|Any CPU.Build.0 = Debug|Any CPU
		{6AFC68EA-B516-4402-A2C4-56BCC2B32C6B}.Release|Any CPU.ActiveCfg = Release|Any CPU
		{6AFC68EA-B516-4402-A2C4-56BCC2B32C6B}.Release|Any CPU.Build.0 = Release|Any CPU
	EndGlobalSection
	GlobalSection(SolutionProperties) = preSolution
		HideSolutionNode = FALSE
	EndGlobalSection
EndGlobal
